
Microsoft Visual Studio Solution File, Format Version 12.00
# Visual Studio 15
VisualStudioVersion = 15.0.28307.757
MinimumVisualStudioVersion = 10.0.40219.1
Project("{FAE04EC0-301F-11D3-BF4B-00C04F79EFBC}") = "ASP.NET MVC App", "ASP.NET MVC App\ASP.NET MVC App.csproj", "{76148369-5C9F-4CC4-8FFC-851FB0740E1C}"
EndProject
Global
	GlobalSection(SolutionConfigurationPlatforms) = preSolution
		Debug|Any CPU = Debug|Any CPU
		Release|Any CPU = Release|Any CPU
	EndGlobalSection
	GlobalSection(ProjectConfigurationPlatforms) = postSolution
		{76148369-5C9F-4CC4-8FFC-851FB0740E1C}.Debug|Any CPU.ActiveCfg = Debug|Any CPU
		{76148369-5C9F-4CC4-8FFC-851FB0740E1C}.Debug|Any CPU.Build.0 = Debug|Any CPU
		{76148369-5C9F-4CC4-8FFC-851FB0740E1C}.Release|Any CPU.ActiveCfg = Release|Any CPU
		{76148369-5C9F-4CC4-8FFC-851FB0740E1C}.Release|Any CPU.Build.0 = Release|Any CPU
	EndGlobalSection
	GlobalSection(SolutionProperties) = preSolution
		HideSolutionNode = FALSE
	EndGlobalSection
	GlobalSection(ExtensibilityGlobals) = postSolution
		SolutionGuid = {209D0EAB-864D-4AEB-ADD9-63F470860EC8}
	EndGlobalSection
EndGlobal
